
Microsoft Visual Studio Solution File, Format Version 12.00
# Visual Studio Version 16
VisualStudioVersion = 16.0.30907.101
MinimumVisualStudioVersion = 10.0.40219.1
Project("{9A19103F-16F7-4668-BE54-9A1E7A4F7556}") = "DataAccess", "DataAccess\DataAccess.csproj", "{107C82C3-B907-4EB4-A878-93B3C8F28F49}"
EndProject
Project("{9A19103F-16F7-4668-BE54-9A1E7A4F7556}") = "Business", "Business\Business.csproj", "{039D2C54-6856-42A3-95A8-A6448FE6D33A}"
EndProject
Project("{9A19103F-16F7-4668-BE54-9A1E7A4F7556}") = "Entities", "Entities\Entities.csproj", "{8A2EA944-FE5D-42EE-A6D7-6DE2833D0E7E}"
EndProject
Project("{9A19103F-16F7-4668-BE54-9A1E7A4F7556}") = "ConsoleUI", "ConsoleUI\ConsoleUI.csproj", "{6801895B-0F4C-4B78-9D85-E898C777B8B5}"
EndProject
Project("{9A19103F-16F7-4668-BE54-9A1E7A4F7556}") = "Core", "Core\Core.csproj", "{A9D17E9E-A43E-4D5B-9383-6A2DB4717AF6}"
EndProject
Project("{FAE04EC0-301F-11D3-BF4B-00C04F79EFBC}") = "WebAPI", "WebAPI\WebAPI.csproj", "{7882461F-CE28-4B43-BE12-0E89807F1215}"
EndProject
Global
	GlobalSection(SolutionConfigurationPlatforms) = preSolution
		Debug|Any CPU = Debug|Any CPU
		Release|Any CPU = Release|Any CPU
	EndGlobalSection
	GlobalSection(ProjectConfigurationPlatforms) = postSolution
		{107C82C3-B907-4EB4-A878-93B3C8F28F49}.Debug|Any CPU.ActiveCfg = Debug|Any CPU
		{107C82C3-B907-4EB4-A878-93B3C8F28F49}.Debug|Any CPU.Build.0 = Debug|Any CPU
		{107C82C3-B907-4EB4-A878-93B3C8F28F49}.Release|Any CPU.ActiveCfg = Release|Any CPU
		{107C82C3-B907-4EB4-A878-93B3C8F28F49}.Release|Any CPU.Build.0 = Release|Any CPU
		{039D2C54-6856-42A3-95A8-A6448FE6D33A}.Debug|Any CPU.ActiveCfg = Debug|Any CPU
		{039D2C54-6856-42A3-95A8-A6448FE6D33A}.Debug|Any CPU.Build.0 = Debug|Any CPU
		{039D2C54-6856-42A3-95A8-A6448FE6D33A}.Release|Any CPU.ActiveCfg = Release|Any CPU
		{039D2C54-6856-42A3-95A8-A6448FE6D33A}.Release|Any CPU.Build.0 = Release|Any CPU
		{8A2EA944-FE5D-42EE-A6D7-6DE2833D0E7E}.Debug|Any CPU.ActiveCfg = Debug|Any CPU
		{8A2EA944-FE5D-42EE-A6D7-6DE2833D0E7E}.Debug|Any CPU.Build.0 = Debug|Any CPU
		{8A2EA944-FE5D-42EE-A6D7-6DE2833D0E7E}.Release|Any CPU.ActiveCfg = Release|Any CPU
		{8A2EA944-FE5D-42EE-A6D7-6DE2833D0E7E}.Release|Any CPU.Build.0 = Release|Any CPU
		{6801895B-0F4C-4B78-9D85-E898C777B8B5}.Debug|Any CPU.ActiveCfg = Debug|Any CPU
		{6801895B-0F4C-4B78-9D85-E898C777B8B5}.Debug|Any CPU.Build.0 = Debug|Any CPU
		{6801895B-0F4C-4B78-9D85-E898C777B8B5}.Release|Any CPU.ActiveCfg = Release|Any CPU
		{6801895B-0F4C-4B78-9D85-E898C777B8B5}.Release|Any CPU.Build.0 = Release|Any CPU
		{A9D17E9E-A43E-4D5B-9383-6A2DB4717AF6}.Debug|Any CPU.ActiveCfg = Debug|Any CPU
		{A9D17E9E-A43E-4D5B-9383-6A2DB4717AF6}.Debug|Any CPU.Build.0 = Debug|Any CPU
		{A9D17E9E-A43E-4D5B-9383-6A2DB4717AF6}.Release|Any CPU.ActiveCfg = Release|Any CPU
		{A9D17E9E-A43E-4D5B-9383-6A2DB4717AF6}.Release|Any CPU.Build.0 = Release|Any CPU
		{7882461F-CE28-4B43-BE12-0E89807F1215}.Debug|Any CPU.ActiveCfg = Debug|Any CPU
		{7882461F-CE28-4B43-BE12-0E89807F1215}.Debug|Any CPU.Build.0 = Debug|Any CPU
		{7882461F-CE28-4B43-BE12-0E89807F1215}.Release|Any CPU.ActiveCfg = Release|Any CPU
		{7882461F-CE28-4B43-BE12-0E89807F1215}.Release|Any CPU.Build.0 = Release|Any CPU
	EndGlobalSection
	GlobalSection(SolutionProperties) = preSolution
		HideSolutionNode = FALSE
	EndGlobalSection
	GlobalSection(ExtensibilityGlobals) = postSolution
		SolutionGuid = {7B495A68-8782-4D18-9BF7-4AFB49DF8F87}
	EndGlobalSection
EndGlobal
